
Microsoft Visual Studio Solution File, Format Version 12.00
# Visual Studio Version 17
VisualStudioVersion = 17.5.33414.496
MinimumVisualStudioVersion = 10.0.40219.1
Project("{FAE04EC0-301F-11D3-BF4B-00C04F79EFBC}") = "MvcDinamicCv", "MvcDinamicCv\MvcDinamicCv.csproj", "{B8F04EEB-7822-42C6-9703-0AA9AE2D7B6B}"
EndProject
Project("{FAE04EC0-301F-11D3-BF4B-00C04F79EFBC}") = "EntitiyLayer", "EntitiyLayer\EntitiyLayer.csproj", "{DE5CB41F-7FAD-497E-96B9-55914637C6CA}"
EndProject
Project("{FAE04EC0-301F-11D3-BF4B-00C04F79EFBC}") = "BusinessLayer", "BusinessLayer\BusinessLayer.csproj", "{0BFADED8-D227-49D4-A2D3-E0D26551794A}"
EndProject
Project("{FAE04EC0-301F-11D3-BF4B-00C04F79EFBC}") = "DataAccessLayer", "DataAccessLayer\DataAccessLayer.csproj", "{22286E35-7411-444A-A219-485B0889B5F2}"
EndProject
Global
	GlobalSection(SolutionConfigurationPlatforms) = preSolution
		Debug|Any CPU = Debug|Any CPU
		Release|Any CPU = Release|Any CPU
	EndGlobalSection
	GlobalSection(ProjectConfigurationPlatforms) = postSolution
		{B8F04EEB-7822-42C6-9703-0AA9AE2D7B6B}.Debug|Any CPU.ActiveCfg = Debug|Any CPU
		{B8F04EEB-7822-42C6-9703-0AA9AE2D7B6B}.Debug|Any CPU.Build.0 = Debug|Any CPU
		{B8F04EEB-7822-42C6-9703-0AA9AE2D7B6B}.Release|Any CPU.ActiveCfg = Release|Any CPU
		{B8F04EEB-7822-42C6-9703-0AA9AE2D7B6B}.Release|Any CPU.Build.0 = Release|Any CPU
		{DE5CB41F-7FAD-497E-96B9-55914637C6CA}.Debug|Any CPU.ActiveCfg = Debug|Any CPU
		{DE5CB41F-7FAD-497E-96B9-55914637C6CA}.Debug|Any CPU.Build.0 = Debug|Any CPU
		{DE5CB41F-7FAD-497E-96B9-55914637C6CA}.Release|Any CPU.ActiveCfg = Release|Any CPU
		{DE5CB41F-7FAD-497E-96B9-55914637C6CA}.Release|Any CPU.Build.0 = Release|Any CPU
		{0BFADED8-D227-49D4-A2D3-E0D26551794A}.Debug|Any CPU.ActiveCfg = Debug|Any CPU
		{0BFADED8-D227-49D4-A2D3-E0D26551794A}.Debug|Any CPU.Build.0 = Debug|Any CPU
		{0BFADED8-D227-49D4-A2D3-E0D26551794A}.Release|Any CPU.ActiveCfg = Release|Any CPU
		{0BFADED8-D227-49D4-A2D3-E0D26551794A}.Release|Any CPU.Build.0 = Release|Any CPU
		{22286E35-7411-444A-A219-485B0889B5F2}.Debug|Any CPU.ActiveCfg = Debug|Any CPU
		{22286E35-7411-444A-A219-485B0889B5F2}.Debug|Any CPU.Build.0 = Debug|Any CPU
		{22286E35-7411-444A-A219-485B0889B5F2}.Release|Any CPU.ActiveCfg = Release|Any CPU
		{22286E35-7411-444A-A219-485B0889B5F2}.Release|Any CPU.Build.0 = Release|Any CPU
	EndGlobalSection
	GlobalSection(SolutionProperties) = preSolution
		HideSolutionNode = FALSE
	EndGlobalSection
	GlobalSection(ExtensibilityGlobals) = postSolution
		SolutionGuid = {272D4B53-5AD4-49A7-B9BD-689E621ECD90}
	EndGlobalSection
EndGlobal
